
Microsoft Visual Studio Solution File, Format Version 12.00
# Visual Studio Version 16
VisualStudioVersion = 16.0.31410.357
MinimumVisualStudioVersion = 10.0.40219.1
Project("{FAE04EC0-301F-11D3-BF4B-00C04F79EFBC}") = "BankSystem", "BankSystem\BankSystem.csproj", "{025DC39B-6408-4943-9A9E-5E8838E68D8A}"
EndProject
Project("{9A19103F-16F7-4668-BE54-9A1E7A4F7556}") = "ExchangeCurrency.Tests", "ExchangeCurrency.Tests\ExchangeCurrency.Tests.csproj", "{535DDD8B-FB89-4846-A486-60F9F1C6D221}"
EndProject
Project("{9A19103F-16F7-4668-BE54-9A1E7A4F7556}") = "AddClients.Tests", "AddClients.Tests\AddClients.Tests.csproj", "{296F02EA-CA2D-421C-9FA9-D50FF58B512F}"
EndProject
Project("{FAE04EC0-301F-11D3-BF4B-00C04F79EFBC}") = "FindClients.Tests", "FindClients.Tests\FindClients.Tests.csproj", "{2275887C-A2B1-4EDD-A372-7B3961C1CC1E}"
EndProject
Global
	GlobalSection(SolutionConfigurationPlatforms) = preSolution
		Debug|Any CPU = Debug|Any CPU
		Release|Any CPU = Release|Any CPU
	EndGlobalSection
	GlobalSection(ProjectConfigurationPlatforms) = postSolution
		{025DC39B-6408-4943-9A9E-5E8838E68D8A}.Debug|Any CPU.ActiveCfg = Debug|Any CPU
		{025DC39B-6408-4943-9A9E-5E8838E68D8A}.Debug|Any CPU.Build.0 = Debug|Any CPU
		{025DC39B-6408-4943-9A9E-5E8838E68D8A}.Release|Any CPU.ActiveCfg = Release|Any CPU
		{025DC39B-6408-4943-9A9E-5E8838E68D8A}.Release|Any CPU.Build.0 = Release|Any CPU
		{535DDD8B-FB89-4846-A486-60F9F1C6D221}.Debug|Any CPU.ActiveCfg = Debug|Any CPU
		{535DDD8B-FB89-4846-A486-60F9F1C6D221}.Debug|Any CPU.Build.0 = Debug|Any CPU
		{535DDD8B-FB89-4846-A486-60F9F1C6D221}.Release|Any CPU.ActiveCfg = Release|Any CPU
		{535DDD8B-FB89-4846-A486-60F9F1C6D221}.Release|Any CPU.Build.0 = Release|Any CPU
		{296F02EA-CA2D-421C-9FA9-D50FF58B512F}.Debug|Any CPU.ActiveCfg = Debug|Any CPU
		{296F02EA-CA2D-421C-9FA9-D50FF58B512F}.Debug|Any CPU.Build.0 = Debug|Any CPU
		{296F02EA-CA2D-421C-9FA9-D50FF58B512F}.Release|Any CPU.ActiveCfg = Release|Any CPU
		{296F02EA-CA2D-421C-9FA9-D50FF58B512F}.Release|Any CPU.Build.0 = Release|Any CPU
		{2275887C-A2B1-4EDD-A372-7B3961C1CC1E}.Debug|Any CPU.ActiveCfg = Debug|Any CPU
		{2275887C-A2B1-4EDD-A372-7B3961C1CC1E}.Debug|Any CPU.Build.0 = Debug|Any CPU
		{2275887C-A2B1-4EDD-A372-7B3961C1CC1E}.Release|Any CPU.ActiveCfg = Release|Any CPU
		{2275887C-A2B1-4EDD-A372-7B3961C1CC1E}.Release|Any CPU.Build.0 = Release|Any CPU
	EndGlobalSection
	GlobalSection(SolutionProperties) = preSolution
		HideSolutionNode = FALSE
	EndGlobalSection
	GlobalSection(ExtensibilityGlobals) = postSolution
		SolutionGuid = {5D8AAFEF-BF5B-4CAC-BEDC-D97B23C9C5D9}
	EndGlobalSection
EndGlobal
